
Microsoft Visual Studio Solution File, Format Version 12.00
# Visual Studio Version 17
VisualStudioVersion = 17.0.32112.339
MinimumVisualStudioVersion = 10.0.40219.1
Project("{FAE04EC0-301F-11D3-BF4B-00C04F79EFBC}") = "Application", "Application\Application.csproj", "{4EEACACE-0FDE-4108-91C2-219141F025AC}"
EndProject
Project("{FAE04EC0-301F-11D3-BF4B-00C04F79EFBC}") = "Functions", "Functions\Functions.csproj", "{2BAC9C99-38EC-4BFF-84D0-9EF6EDB543AE}"
EndProject
Project("{FAE04EC0-301F-11D3-BF4B-00C04F79EFBC}") = "ApiGateway", "ApiGateway\ApiGateway.csproj", "{D12E8F9B-6CAE-49BA-B8B1-1D7218B9E7F8}"
EndProject
Global
	GlobalSection(SolutionConfigurationPlatforms) = preSolution
		Debug|Any CPU = Debug|Any CPU
		Release|Any CPU = Release|Any CPU
	EndGlobalSection
	GlobalSection(ProjectConfigurationPlatforms) = postSolution
		{4EEACACE-0FDE-4108-91C2-219141F025AC}.Debug|Any CPU.ActiveCfg = Debug|Any CPU
		{4EEACACE-0FDE-4108-91C2-219141F025AC}.Debug|Any CPU.Build.0 = Debug|Any CPU
		{4EEACACE-0FDE-4108-91C2-219141F025AC}.Release|Any CPU.ActiveCfg = Release|Any CPU
		{4EEACACE-0FDE-4108-91C2-219141F025AC}.Release|Any CPU.Build.0 = Release|Any CPU
		{2BAC9C99-38EC-4BFF-84D0-9EF6EDB543AE}.Debug|Any CPU.ActiveCfg = Debug|Any CPU
		{2BAC9C99-38EC-4BFF-84D0-9EF6EDB543AE}.Debug|Any CPU.Build.0 = Debug|Any CPU
		{2BAC9C99-38EC-4BFF-84D0-9EF6EDB543AE}.Release|Any CPU.ActiveCfg = Release|Any CPU
		{2BAC9C99-38EC-4BFF-84D0-9EF6EDB543AE}.Release|Any CPU.Build.0 = Release|Any CPU
		{D12E8F9B-6CAE-49BA-B8B1-1D7218B9E7F8}.Debug|Any CPU.ActiveCfg = Debug|Any CPU
		{D12E8F9B-6CAE-49BA-B8B1-1D7218B9E7F8}.Debug|Any CPU.Build.0 = Debug|Any CPU
		{D12E8F9B-6CAE-49BA-B8B1-1D7218B9E7F8}.Release|Any CPU.ActiveCfg = Release|Any CPU
		{D12E8F9B-6CAE-49BA-B8B1-1D7218B9E7F8}.Release|Any CPU.Build.0 = Release|Any CPU
	EndGlobalSection
	GlobalSection(SolutionProperties) = preSolution
		HideSolutionNode = FALSE
	EndGlobalSection
	GlobalSection(ExtensibilityGlobals) = postSolution
		SolutionGuid = {64A2BB39-C8E3-4B18-AFC2-0A31C9B596A8}
	EndGlobalSection
EndGlobal
